
Microsoft Visual Studio Solution File, Format Version 12.00
# Visual Studio Version 16
VisualStudioVersion = 16.0.31321.278
MinimumVisualStudioVersion = 10.0.40219.1
Project("{FAE04EC0-301F-11D3-BF4B-00C04F79EFBC}") = "ObiletDemo.WebApp", "ObiletDemo.WebApp\ObiletDemo.WebApp.csproj", "{9975BE61-C206-4AD5-8D49-17611AE9F8B0}"
EndProject
Project("{FAE04EC0-301F-11D3-BF4B-00C04F79EFBC}") = "ObiletDemo.Domain", "ObiletDemo.Domain\ObiletDemo.Domain.csproj", "{6F65BF22-348F-4721-B124-24552A2CDF08}"
EndProject
Project("{FAE04EC0-301F-11D3-BF4B-00C04F79EFBC}") = "ObiletDemo.BusinessLogic", "ObiletDemo.BusinessLogic\ObiletDemo.BusinessLogic.csproj", "{AE552B31-0C3A-4A09-9674-C7ECC9C2AE9D}"
EndProject
Global
	GlobalSection(SolutionConfigurationPlatforms) = preSolution
		Debug|Any CPU = Debug|Any CPU
		Release|Any CPU = Release|Any CPU
	EndGlobalSection
	GlobalSection(ProjectConfigurationPlatforms) = postSolution
		{9975BE61-C206-4AD5-8D49-17611AE9F8B0}.Debug|Any CPU.ActiveCfg = Debug|Any CPU
		{9975BE61-C206-4AD5-8D49-17611AE9F8B0}.Debug|Any CPU.Build.0 = Debug|Any CPU
		{9975BE61-C206-4AD5-8D49-17611AE9F8B0}.Release|Any CPU.ActiveCfg = Release|Any CPU
		{9975BE61-C206-4AD5-8D49-17611AE9F8B0}.Release|Any CPU.Build.0 = Release|Any CPU
		{6F65BF22-348F-4721-B124-24552A2CDF08}.Debug|Any CPU.ActiveCfg = Debug|Any CPU
		{6F65BF22-348F-4721-B124-24552A2CDF08}.Debug|Any CPU.Build.0 = Debug|Any CPU
		{6F65BF22-348F-4721-B124-24552A2CDF08}.Release|Any CPU.ActiveCfg = Release|Any CPU
		{6F65BF22-348F-4721-B124-24552A2CDF08}.Release|Any CPU.Build.0 = Release|Any CPU
		{AE552B31-0C3A-4A09-9674-C7ECC9C2AE9D}.Debug|Any CPU.ActiveCfg = Debug|Any CPU
		{AE552B31-0C3A-4A09-9674-C7ECC9C2AE9D}.Debug|Any CPU.Build.0 = Debug|Any CPU
		{AE552B31-0C3A-4A09-9674-C7ECC9C2AE9D}.Release|Any CPU.ActiveCfg = Release|Any CPU
		{AE552B31-0C3A-4A09-9674-C7ECC9C2AE9D}.Release|Any CPU.Build.0 = Release|Any CPU
	EndGlobalSection
	GlobalSection(SolutionProperties) = preSolution
		HideSolutionNode = FALSE
	EndGlobalSection
	GlobalSection(ExtensibilityGlobals) = postSolution
		SolutionGuid = {66098E72-3388-4654-ADB3-951A6211124D}
	EndGlobalSection
EndGlobal
